
Microsoft Visual Studio Solution File, Format Version 12.00
# Visual Studio 15
Project("{FAE04EC0-301F-11D3-BF4B-00C04F79EFBC}") = "RpgCardGame", "Assembly-CSharp.csproj", "{C81D58AA-CCFB-F845-23AD-4DC2E0C98A32}"
EndProject
Project("{FAE04EC0-301F-11D3-BF4B-00C04F79EFBC}") = "RpgCardGame", "Assembly-CSharp-firstpass.csproj", "{194D9E75-B2BA-3F14-EDF5-086509F4A3A9}"
EndProject
Project("{FAE04EC0-301F-11D3-BF4B-00C04F79EFBC}") = "RpgCardGame", "Assembly-CSharp-Editor.csproj", "{1A054FEA-EED8-C2F6-8CBC-76DFF8272710}"
EndProject
Global
	GlobalSection(SolutionConfigurationPlatforms) = preSolution
		Debug|Any CPU = Debug|Any CPU
		Release|Any CPU = Release|Any CPU
	EndGlobalSection
	GlobalSection(ProjectConfigurationPlatforms) = postSolution
		{C81D58AA-CCFB-F845-23AD-4DC2E0C98A32}.Debug|Any CPU.ActiveCfg = Debug|Any CPU
		{C81D58AA-CCFB-F845-23AD-4DC2E0C98A32}.Debug|Any CPU.Build.0 = Debug|Any CPU
		{C81D58AA-CCFB-F845-23AD-4DC2E0C98A32}.Release|Any CPU.ActiveCfg = Release|Any CPU
		{C81D58AA-CCFB-F845-23AD-4DC2E0C98A32}.Release|Any CPU.Build.0 = Release|Any CPU
		{194D9E75-B2BA-3F14-EDF5-086509F4A3A9}.Debug|Any CPU.ActiveCfg = Debug|Any CPU
		{194D9E75-B2BA-3F14-EDF5-086509F4A3A9}.Debug|Any CPU.Build.0 = Debug|Any CPU
		{194D9E75-B2BA-3F14-EDF5-086509F4A3A9}.Release|Any CPU.ActiveCfg = Release|Any CPU
		{194D9E75-B2BA-3F14-EDF5-086509F4A3A9}.Release|Any CPU.Build.0 = Release|Any CPU
		{1A054FEA-EED8-C2F6-8CBC-76DFF8272710}.Debug|Any CPU.ActiveCfg = Debug|Any CPU
		{1A054FEA-EED8-C2F6-8CBC-76DFF8272710}.Debug|Any CPU.Build.0 = Debug|Any CPU
		{1A054FEA-EED8-C2F6-8CBC-76DFF8272710}.Release|Any CPU.ActiveCfg = Release|Any CPU
		{1A054FEA-EED8-C2F6-8CBC-76DFF8272710}.Release|Any CPU.Build.0 = Release|Any CPU
	EndGlobalSection
	GlobalSection(SolutionProperties) = preSolution
		HideSolutionNode = FALSE
	EndGlobalSection
EndGlobal
